
Microsoft Visual Studio Solution File, Format Version 12.00
# Visual Studio Version 17
VisualStudioVersion = 17.6.33801.468
MinimumVisualStudioVersion = 10.0.40219.1
Project("{FAE04EC0-301F-11D3-BF4B-00C04F79EFBC}") = "src\Shared.User.Core", "src\Shared.User.Core\Shared.User.Core.csproj", "{FA64D57D-DEA3-4107-BA02-2D770721FADF}"
EndProject
Global
	GlobalSection(SolutionConfigurationPlatforms) = preSolution
		Debug|Any CPU = Debug|Any CPU
		Release|Any CPU = Release|Any CPU
	EndGlobalSection
	GlobalSection(ProjectConfigurationPlatforms) = postSolution
		{FA64D57D-DEA3-4107-BA02-2D770721FADF}.Debug|Any CPU.ActiveCfg = Debug|Any CPU
		{FA64D57D-DEA3-4107-BA02-2D770721FADF}.Debug|Any CPU.Build.0 = Debug|Any CPU
		{FA64D57D-DEA3-4107-BA02-2D770721FADF}.Release|Any CPU.ActiveCfg = Release|Any CPU
		{FA64D57D-DEA3-4107-BA02-2D770721FADF}.Release|Any CPU.Build.0 = Release|Any CPU
	EndGlobalSection
	GlobalSection(SolutionProperties) = preSolution
		HideSolutionNode = FALSE
	EndGlobalSection
	GlobalSection(ExtensibilityGlobals) = postSolution
		SolutionGuid = {499FDC38-99F4-4238-9BC2-150ADD07D064}
	EndGlobalSection
EndGlobal
